
Microsoft Visual Studio Solution File, Format Version 12.00
# Visual Studio Version 16
VisualStudioVersion = 16.0.30204.135
MinimumVisualStudioVersion = 10.0.40219.1
Project("{FAE04EC0-301F-11D3-BF4B-00C04F79EFBC}") = "ProjectFileAzure", "ProjectFileAzure\ProjectFileAzure.csproj", "{23537ABD-C8D0-47E2-B0EA-EE2E3FDFF3C0}"
EndProject
Global
	GlobalSection(SolutionConfigurationPlatforms) = preSolution
		Debug|Any CPU = Debug|Any CPU
		Release|Any CPU = Release|Any CPU
	EndGlobalSection
	GlobalSection(ProjectConfigurationPlatforms) = postSolution
		{23537ABD-C8D0-47E2-B0EA-EE2E3FDFF3C0}.Debug|Any CPU.ActiveCfg = Debug|Any CPU
		{23537ABD-C8D0-47E2-B0EA-EE2E3FDFF3C0}.Debug|Any CPU.Build.0 = Debug|Any CPU
		{23537ABD-C8D0-47E2-B0EA-EE2E3FDFF3C0}.Release|Any CPU.ActiveCfg = Release|Any CPU
		{23537ABD-C8D0-47E2-B0EA-EE2E3FDFF3C0}.Release|Any CPU.Build.0 = Release|Any CPU
	EndGlobalSection
	GlobalSection(SolutionProperties) = preSolution
		HideSolutionNode = FALSE
	EndGlobalSection
	GlobalSection(ExtensibilityGlobals) = postSolution
		SolutionGuid = {F994A1E6-1C89-4AB5-B1D2-1C253CF4139C}
	EndGlobalSection
EndGlobal
